
Microsoft Visual Studio Solution File, Format Version 12.00
# Visual Studio 2017
Project("{FAE04EC0-301F-11D3-BF4B-00C04F79EFBC}") = "River Project 2018", "River Project 2018.csproj", "{4232BABC-7D45-10FF-37B7-0057A949F42B}"
EndProject
Project("{FAE04EC0-301F-11D3-BF4B-00C04F79EFBC}") = "River Project 2018.Editor", "River Project 2018.Editor.csproj", "{C2BC4A3A-FEE3-C24D-5834-F55A7D4303A0}"
EndProject
Global
	GlobalSection(SolutionConfigurationPlatforms) = preSolution
		Debug|Any CPU = Debug|Any CPU
		Release|Any CPU = Release|Any CPU
	EndGlobalSection
	GlobalSection(ProjectConfigurationPlatforms) = postSolution
		{4232BABC-7D45-10FF-37B7-0057A949F42B}.Debug|Any CPU.ActiveCfg = Debug|Any CPU
		{4232BABC-7D45-10FF-37B7-0057A949F42B}.Debug|Any CPU.Build.0 = Debug|Any CPU
		{4232BABC-7D45-10FF-37B7-0057A949F42B}.Release|Any CPU.ActiveCfg = Release|Any CPU
		{4232BABC-7D45-10FF-37B7-0057A949F42B}.Release|Any CPU.Build.0 = Release|Any CPU
		{C2BC4A3A-FEE3-C24D-5834-F55A7D4303A0}.Debug|Any CPU.ActiveCfg = Debug|Any CPU
		{C2BC4A3A-FEE3-C24D-5834-F55A7D4303A0}.Debug|Any CPU.Build.0 = Debug|Any CPU
		{C2BC4A3A-FEE3-C24D-5834-F55A7D4303A0}.Release|Any CPU.ActiveCfg = Release|Any CPU
		{C2BC4A3A-FEE3-C24D-5834-F55A7D4303A0}.Release|Any CPU.Build.0 = Release|Any CPU
	EndGlobalSection
	GlobalSection(SolutionProperties) = preSolution
		HideSolutionNode = FALSE
	EndGlobalSection
EndGlobal
